Microsoft Visual Studio Solution File, Format Version 12.00
# Visual Studio Version 17
VisualStudioVersion = 17.0.31912.275
MinimumVisualStudioVersion = 10.0.40219.1
Project("{FAE04EC0-301F-11D3-BF4B-00C04F79EFBC}") = "OpenBots.Studio", "OpenBots.Studio\OpenBots.Studio.csproj", "{C1BE3204-94D1-4A9A-AE30-C3E302383182}"
EndProject
Project("{FAE04EC0-301F-11D3-BF4B-00C04F79EFBC}") = "OpenBots.Engine", "OpenBots.Engine\OpenBots.Engine.csproj", "{ED8F6540-C341-4B5F-8966-26A08E39AF87}"
EndProject
Project("{FAE04EC0-301F-11D3-BF4B-00C04F79EFBC}") = "OpenBots.Core", "OpenBots.Core\OpenBots.Core.csproj", "{6956836D-D2B0-4B7A-B06D-FA3A22B4C4FF}"
EndProject
Project("{2150E333-8FDC-42A3-9474-1A3956D46DE8}") = "OpenBots.Commands", "OpenBots.Commands", "{A799B480-CE25-47D7-AD13-3847ACAAA650}"
EndProject
Project("{FAE04EC0-301F-11D3-BF4B-00C04F79EFBC}") = "OpenBots.Commands.Database", "OpenBots.Commands\OpenBots.Commands.Database\OpenBots.Commands.Database.csproj", "{6CBC4A77-3297-45D8-B83B-8CC9D8013CD5}"
EndProject
Project("{FAE04EC0-301F-11D3-BF4B-00C04F79EFBC}") = "OpenBots.Commands.NLG", "OpenBots.Commands\OpenBots.Commands.NLG\OpenBots.Commands.NLG.csproj", "{8F720CB0-CDB6-4541-BCFC-1229B4B6D52D}"
EndProject
Project("{FAE04EC0-301F-11D3-BF4B-00C04F79EFBC}") = "OpenBots.Commands.API", "OpenBots.Commands\OpenBots.Commands.API\OpenBots.Commands.API.csproj", "{B75A4E96-F0B9-4FBC-9049-4086CF0D45CB}"
EndProject
Project("{FAE04EC0-301F-11D3-BF4B-00C04F79EFBC}") = "OpenBots.Commands.IEBrowser", "OpenBots.Commands\OpenBots.Commands.IEBrowser\OpenBots.Commands.IEBrowser.csproj", "{FC1E759F-CD70-44CE-BE76-5AF54222E0FC}"
EndProject
Project("{2150E333-8FDC-42A3-9474-1A3956D46DE8}") = "OpenBots.Commands.Test", "OpenBots.Commands.Test", "{308117E2-99C7-4C85-9DC0-4005865D5FF0}"
EndProject
Project("{FAE04EC0-301F-11D3-BF4B-00C04F79EFBC}") = "OpenBots.Commands.Microsoft", "OpenBots.Commands\OpenBots.Commands.Microsoft\OpenBots.Commands.Microsoft.csproj", "{0FFCB6DF-DF1D-4731-8DF4-B109EA27CF69}"
EndProject
Project("{FAE04EC0-301F-11D3-BF4B-00C04F79EFBC}") = "OpenBots.Commands.DataManipulation", "OpenBots.Commands\OpenBots.Commands.DataManipulation\OpenBots.Commands.DataManipulation.csproj", "{41F0E8C9-1F9C-42F8-AB41-94F10B21B023}"
EndProject
Project("{FAE04EC0-301F-11D3-BF4B-00C04F79EFBC}") = "OpenBots.Commands.SystemAutomation", "OpenBots.Commands\OpenBots.Commands.SystemAutomation\OpenBots.Commands.SystemAutomation.csproj", "{7568D2F1-41AC-46A9-B5D7-A86A4E40BE9F}"
EndProject
Project("{FAE04EC0-301F-11D3-BF4B-00C04F79EFBC}") = "OpenBots.Commands.Core", "OpenBots.Commands\OpenBots.Commands.Core\OpenBots.Commands.Core.csproj", "{D104C957-9DC9-4F97-8BCE-00B21720EF2F}"
EndProject
Project("{FAE04EC0-301F-11D3-BF4B-00C04F79EFBC}") = "OpenBots.Commands.Server", "OpenBots.Commands\OpenBots.Commands.Server\OpenBots.Commands.Server.csproj", "{94AE5F8A-ECC2-4D79-A770-A0F7ACC9A9B9}"
EndProject
Project("{FAE04EC0-301F-11D3-BF4B-00C04F79EFBC}") = "OpenBots.Commands.UIAutomation", "OpenBots.Commands\OpenBots.Commands.UIAutomation\OpenBots.Commands.UIAutomation.csproj", "{12D43805-8463-43A3-9915-577369B61A0D}"
EndProject
Project("{FAE04EC0-301F-11D3-BF4B-00C04F79EFBC}") = "OpenBots.Commands.DataManipulation.Test", "OpenBots.Commands.Test\OpenBots.Commands.DataManipulation.Test\OpenBots.Commands.DataManipulation.Test.csproj", "{259E0995-C14B-4582-B0E7-317E5771D0A4}"
EndProject
Project("{FAE04EC0-301F-11D3-BF4B-00C04F79EFBC}") = "OpenBots.Commands.Microsoft.Test", "OpenBots.Commands.Test\OpenBots.Commands.Microsoft.Test\OpenBots.Commands.Microsoft.Test.csproj", "{6B276800-722B-4811-8AEB-2BFE826F571A}"
EndProject
Project("{FAE04EC0-301F-11D3-BF4B-00C04F79EFBC}") = "OpenBots.Commands.Server.Test", "OpenBots.Commands.Test\OpenBots.Commands.Server.Test\OpenBots.Commands.Server.Test.csproj", "{E45A3262-7437-4F30-A1E7-063E2D84985F}"
EndProject
Project("{FAE04EC0-301F-11D3-BF4B-00C04F79EFBC}") = "OpenBots.Commands.SystemAutomation.Test", "OpenBots.Commands.Test\OpenBots.Commands.SystemAutomation.Test\OpenBots.Commands.SystemAutomation.Test.csproj", "{60435B7B-9702-4E9D-BBE8-78C46F39570B}"
EndProject
Project("{FAE04EC0-301F-11D3-BF4B-00C04F79EFBC}") = "OpenBots.Commands.Core.Test", "OpenBots.Commands.Test\OpenBots.Commands.Core.Test\OpenBots.Commands.Core.Test.csproj", "{3B77EF50-BDEF-464B-BC30-0ACA47BF530B}"
EndProject
Project("{FAE04EC0-301F-11D3-BF4B-00C04F79EFBC}") = "OpenBots.NativeServer", "OpenBots.NativeServer\OpenBots.NativeServer.csproj", "{E4E23F55-C421-441C-A045-AFCEEA8A72B3}"
EndProject
Project("{FAE04EC0-301F-11D3-BF4B-00C04F79EFBC}") = "OpenBots.Commands.Documents", "OpenBots.Commands\OpenBots.Commands.Documents\OpenBots.Commands.Documents.csproj", "{8CAF3A2B-74AD-46B1-8946-10C4F1D36912}"
EndProject
Project("{FAE04EC0-301F-11D3-BF4B-00C04F79EFBC}") = "OpenBots.Server.SDK", "OpenBots.Server.SDK\OpenBots.Server.SDK.csproj", "{9F13C5CA-EEE7-49D1-BEA1-2A0BBF6DF261}"
EndProject
Project("{FAE04EC0-301F-11D3-BF4B-00C04F79EFBC}") = "OpenBots.Commands.SAP", "OpenBots.Commands\OpenBots.Commands.SAP\OpenBots.Commands.SAP.csproj", "{2568F442-C853-4BB6-A196-A525B988E0ED}"
EndProject
Project("{FAE04EC0-301F-11D3-BF4B-00C04F79EFBC}") = "OpenBots.Commands.OCR", "OpenBots.Commands\OpenBots.Commands.OCR\OpenBots.Commands.OCR.csproj", "{118442D8-5DDD-4F06-B954-4285F9C3C662}"
EndProject
Project("{FAE04EC0-301F-11D3-BF4B-00C04F79EFBC}") = "NexBots.Commands.Template", "OpenBots.Commands\OpenBots.Commands.Template\NexBots.Commands.Template.csproj", "{C49CEE7F-AC4F-477C-85BD-78F426078899}"
EndProject
Project("{FAE04EC0-301F-11D3-BF4B-00C04F79EFBC}") = "NexBots.Commands.Platform", "OpenBots.Commands\NexBots.Commands.Platform\NexBots.Commands.Platform.csproj", "{1DA98ABA-8619-460D-B991-876A2AEE02ED}"
EndProject
Global
	GlobalSection(SolutionConfigurationPlatforms) = preSolution
		Debug|Any CPU = Debug|Any CPU
		Debug|x64 = Debug|x64
		Debug|x86 = Debug|x86
		Release|Any CPU = Release|Any CPU
		Release|x64 = Release|x64
		Release|x86 = Release|x86
	EndGlobalSection
	GlobalSection(ProjectConfigurationPlatforms) = postSolution
		{C1BE3204-94D1-4A9A-AE30-C3E302383182}.Debug|Any CPU.ActiveCfg = Debug|Any CPU
		{C1BE3204-94D1-4A9A-AE30-C3E302383182}.Debug|Any CPU.Build.0 = Debug|Any CPU
		{C1BE3204-94D1-4A9A-AE30-C3E302383182}.Debug|x64.ActiveCfg = Debug|x64
		{C1BE3204-94D1-4A9A-AE30-C3E302383182}.Debug|x64.Build.0 = Debug|x64
		{C1BE3204-94D1-4A9A-AE30-C3E302383182}.Debug|x86.ActiveCfg = Debug|Any CPU
		{C1BE3204-94D1-4A9A-AE30-C3E302383182}.Debug|x86.Build.0 = Debug|Any CPU
		{C1BE3204-94D1-4A9A-AE30-C3E302383182}.Release|Any CPU.ActiveCfg = Release|Any CPU
		{C1BE3204-94D1-4A9A-AE30-C3E302383182}.Release|Any CPU.Build.0 = Release|Any CPU
		{C1BE3204-94D1-4A9A-AE30-C3E302383182}.Release|x64.ActiveCfg = Release|x64
		{C1BE3204-94D1-4A9A-AE30-C3E302383182}.Release|x64.Build.0 = Release|x64
		{C1BE3204-94D1-4A9A-AE30-C3E302383182}.Release|x86.ActiveCfg = Release|Any CPU
		{C1BE3204-94D1-4A9A-AE30-C3E302383182}.Release|x86.Build.0 = Release|Any CPU
		{ED8F6540-C341-4B5F-8966-26A08E39AF87}.Debug|Any CPU.ActiveCfg = Debug|Any CPU
		{ED8F6540-C341-4B5F-8966-26A08E39AF87}.Debug|Any CPU.Build.0 = Debug|Any CPU
		{ED8F6540-C341-4B5F-8966-26A08E39AF87}.Debug|x64.ActiveCfg = Debug|Any CPU
		{ED8F6540-C341-4B5F-8966-26A08E39AF87}.Debug|x64.Build.0 = Debug|Any CPU
		{ED8F6540-C341-4B5F-8966-26A08E39AF87}.Debug|x86.ActiveCfg = Debug|Any CPU
		{ED8F6540-C341-4B5F-8966-26A08E39AF87}.Debug|x86.Build.0 = Debug|Any CPU
		{ED8F6540-C341-4B5F-8966-26A08E39AF87}.Release|Any CPU.ActiveCfg = Release|Any CPU
		{ED8F6540-C341-4B5F-8966-26A08E39AF87}.Release|Any CPU.Build.0 = Release|Any CPU
		{ED8F6540-C341-4B5F-8966-26A08E39AF87}.Release|x64.ActiveCfg = Release|Any CPU
		{ED8F6540-C341-4B5F-8966-26A08E39AF87}.Release|x64.Build.0 = Release|Any CPU
		{ED8F6540-C341-4B5F-8966-26A08E39AF87}.Release|x86.ActiveCfg = Release|Any CPU
		{ED8F6540-C341-4B5F-8966-26A08E39AF87}.Release|x86.Build.0 = Release|Any CPU
		{6956836D-D2B0-4B7A-B06D-FA3A22B4C4FF}.Debug|Any CPU.ActiveCfg = Debug|Any CPU
		{6956836D-D2B0-4B7A-B06D-FA3A22B4C4FF}.Debug|Any CPU.Build.0 = Debug|Any CPU
		{6956836D-D2B0-4B7A-B06D-FA3A22B4C4FF}.Debug|x64.ActiveCfg = Debug|Any CPU
		{6956836D-D2B0-4B7A-B06D-FA3A22B4C4FF}.Debug|x64.Build.0 = Debug|Any CPU
		{6956836D-D2B0-4B7A-B06D-FA3A22B4C4FF}.Debug|x86.ActiveCfg = Debug|Any CPU
		{6956836D-D2B0-4B7A-B06D-FA3A22B4C4FF}.Debug|x86.Build.0 = Debug|Any CPU
		{6956836D-D2B0-4B7A-B06D-FA3A22B4C4FF}.Release|Any CPU.ActiveCfg = Release|Any CPU
		{6956836D-D2B0-4B7A-B06D-FA3A22B4C4FF}.Release|Any CPU.Build.0 = Release|Any CPU
		{6956836D-D2B0-4B7A-B06D-FA3A22B4C4FF}.Release|x64.ActiveCfg = Release|Any CPU
		{6956836D-D2B0-4B7A-B06D-FA3A22B4C4FF}.Release|x64.Build.0 = Release|Any CPU
		{6956836D-D2B0-4B7A-B06D-FA3A22B4C4FF}.Release|x86.ActiveCfg = Release|Any CPU
		{6956836D-D2B0-4B7A-B06D-FA3A22B4C4FF}.Release|x86.Build.0 = Release|Any CPU
		{6CBC4A77-3297-45D8-B83B-8CC9D8013CD5}.Debug|Any CPU.ActiveCfg = Debug|Any CPU
		{6CBC4A77-3297-45D8-B83B-8CC9D8013CD5}.Debug|Any CPU.Build.0 = Debug|Any CPU
		{6CBC4A77-3297-45D8-B83B-8CC9D8013CD5}.Debug|x64.ActiveCfg = Debug|Any CPU
		{6CBC4A77-3297-45D8-B83B-8CC9D8013CD5}.Debug|x64.Build.0 = Debug|Any CPU
		{6CBC4A77-3297-45D8-B83B-8CC9D8013CD5}.Debug|x86.ActiveCfg = Debug|Any CPU
		{6CBC4A77-3297-45D8-B83B-8CC9D8013CD5}.Debug|x86.Build.0 = Debug|Any CPU
		{6CBC4A77-3297-45D8-B83B-8CC9D8013CD5}.Release|Any CPU.ActiveCfg = Release|Any CPU
		{6CBC4A77-3297-45D8-B83B-8CC9D8013CD5}.Release|Any CPU.Build.0 = Release|Any CPU
		{6CBC4A77-3297-45D8-B83B-8CC9D8013CD5}.Release|x64.ActiveCfg = Release|Any CPU
		{6CBC4A77-3297-45D8-B83B-8CC9D8013CD5}.Release|x64.Build.0 = Release|Any CPU
		{6CBC4A77-3297-45D8-B83B-8CC9D8013CD5}.Release|x86.ActiveCfg = Release|Any CPU
		{6CBC4A77-3297-45D8-B83B-8CC9D8013CD5}.Release|x86.Build.0 = Release|Any CPU
		{8F720CB0-CDB6-4541-BCFC-1229B4B6D52D}.Debug|Any CPU.ActiveCfg = Debug|Any CPU
		{8F720CB0-CDB6-4541-BCFC-1229B4B6D52D}.Debug|Any CPU.Build.0 = Debug|Any CPU
		{8F720CB0-CDB6-4541-BCFC-1229B4B6D52D}.Debug|x64.ActiveCfg = Debug|Any CPU
		{8F720CB0-CDB6-4541-BCFC-1229B4B6D52D}.Debug|x64.Build.0 = Debug|Any CPU
		{8F720CB0-CDB6-4541-BCFC-1229B4B6D52D}.Debug|x86.ActiveCfg = Debug|Any CPU
		{8F720CB0-CDB6-4541-BCFC-1229B4B6D52D}.Debug|x86.Build.0 = Debug|Any CPU
		{8F720CB0-CDB6-4541-BCFC-1229B4B6D52D}.Release|Any CPU.ActiveCfg = Release|Any CPU
		{8F720CB0-CDB6-4541-BCFC-1229B4B6D52D}.Release|Any CPU.Build.0 = Release|Any CPU
		{8F720CB0-CDB6-4541-BCFC-1229B4B6D52D}.Release|x64.ActiveCfg = Release|Any CPU
		{8F720CB0-CDB6-4541-BCFC-1229B4B6D52D}.Release|x64.Build.0 = Release|Any CPU
		{8F720CB0-CDB6-4541-BCFC-1229B4B6D52D}.Release|x86.ActiveCfg = Release|Any CPU
		{8F720CB0-CDB6-4541-BCFC-1229B4B6D52D}.Release|x86.Build.0 = Release|Any CPU
		{B75A4E96-F0B9-4FBC-9049-4086CF0D45CB}.Debug|Any CPU.ActiveCfg = Debug|Any CPU
		{B75A4E96-F0B9-4FBC-9049-4086CF0D45CB}.Debug|Any CPU.Build.0 = Debug|Any CPU
		{B75A4E96-F0B9-4FBC-9049-4086CF0D45CB}.Debug|x64.ActiveCfg = Debug|Any CPU
		{B75A4E96-F0B9-4FBC-9049-4086CF0D45CB}.Debug|x64.Build.0 = Debug|Any CPU
		{B75A4E96-F0B9-4FBC-9049-4086CF0D45CB}.Debug|x86.ActiveCfg = Debug|Any CPU
		{B75A4E96-F0B9-4FBC-9049-4086CF0D45CB}.Debug|x86.Build.0 = Debug|Any CPU
		{B75A4E96-F0B9-4FBC-9049-4086CF0D45CB}.Release|Any CPU.ActiveCfg = Release|Any CPU
		{B75A4E96-F0B9-4FBC-9049-4086CF0D45CB}.Release|Any CPU.Build.0 = Release|Any CPU
		{B75A4E96-F0B9-4FBC-9049-4086CF0D45CB}.Release|x64.ActiveCfg = Release|Any CPU
		{B75A4E96-F0B9-4FBC-9049-4086CF0D45CB}.Release|x64.Build.0 = Release|Any CPU
		{B75A4E96-F0B9-4FBC-9049-4086CF0D45CB}.Release|x86.ActiveCfg = Release|Any CPU
		{B75A4E96-F0B9-4FBC-9049-4086CF0D45CB}.Release|x86.Build.0 = Release|Any CPU
		{FC1E759F-CD70-44CE-BE76-5AF54222E0FC}.Debug|Any CPU.ActiveCfg = Debug|Any CPU
		{FC1E759F-CD70-44CE-BE76-5AF54222E0FC}.Debug|Any CPU.Build.0 = Debug|Any CPU
		{FC1E759F-CD70-44CE-BE76-5AF54222E0FC}.Debug|x64.ActiveCfg = Debug|Any CPU
		{FC1E759F-CD70-44CE-BE76-5AF54222E0FC}.Debug|x64.Build.0 = Debug|Any CPU
		{FC1E759F-CD70-44CE-BE76-5AF54222E0FC}.Debug|x86.ActiveCfg = Debug|Any CPU
		{FC1E759F-CD70-44CE-BE76-5AF54222E0FC}.Debug|x86.Build.0 = Debug|Any CPU
		{FC1E759F-CD70-44CE-BE76-5AF54222E0FC}.Release|Any CPU.ActiveCfg = Release|Any CPU
		{FC1E759F-CD70-44CE-BE76-5AF54222E0FC}.Release|Any CPU.Build.0 = Release|Any CPU
		{FC1E759F-CD70-44CE-BE76-5AF54222E0FC}.Release|x64.ActiveCfg = Release|Any CPU
		{FC1E759F-CD70-44CE-BE76-5AF54222E0FC}.Release|x64.Build.0 = Release|Any CPU
		{FC1E759F-CD70-44CE-BE76-5AF54222E0FC}.Release|x86.ActiveCfg = Release|Any CPU
		{FC1E759F-CD70-44CE-BE76-5AF54222E0FC}.Release|x86.Build.0 = Release|Any CPU
		{0FFCB6DF-DF1D-4731-8DF4-B109EA27CF69}.Debug|Any CPU.ActiveCfg = Debug|Any CPU
		{0FFCB6DF-DF1D-4731-8DF4-B109EA27CF69}.Debug|Any CPU.Build.0 = Debug|Any CPU
		{0FFCB6DF-DF1D-4731-8DF4-B109EA27CF69}.Debug|x64.ActiveCfg = Debug|Any CPU
		{0FFCB6DF-DF1D-4731-8DF4-B109EA27CF69}.Debug|x64.Build.0 = Debug|Any CPU
		{0FFCB6DF-DF1D-4731-8DF4-B109EA27CF69}.Debug|x86.ActiveCfg = Debug|Any CPU
		{0FFCB6DF-DF1D-4731-8DF4-B109EA27CF69}.Debug|x86.Build.0 = Debug|Any CPU
		{0FFCB6DF-DF1D-4731-8DF4-B109EA27CF69}.Release|Any CPU.ActiveCfg = Release|Any CPU
		{0FFCB6DF-DF1D-4731-8DF4-B109EA27CF69}.Release|Any CPU.Build.0 = Release|Any CPU
		{0FFCB6DF-DF1D-4731-8DF4-B109EA27CF69}.Release|x64.ActiveCfg = Release|Any CPU
		{0FFCB6DF-DF1D-4731-8DF4-B109EA27CF69}.Release|x64.Build.0 = Release|Any CPU
		{0FFCB6DF-DF1D-4731-8DF4-B109EA27CF69}.Release|x86.ActiveCfg = Release|Any CPU
		{0FFCB6DF-DF1D-4731-8DF4-B109EA27CF69}.Release|x86.Build.0 = Release|Any CPU
		{41F0E8C9-1F9C-42F8-AB41-94F10B21B023}.Debug|Any CPU.ActiveCfg = Debug|Any CPU
		{41F0E8C9-1F9C-42F8-AB41-94F10B21B023}.Debug|Any CPU.Build.0 = Debug|Any CPU
		{41F0E8C9-1F9C-42F8-AB41-94F10B21B023}.Debug|x64.ActiveCfg = Debug|Any CPU
		{41F0E8C9-1F9C-42F8-AB41-94F10B21B023}.Debug|x64.Build.0 = Debug|Any CPU
		{41F0E8C9-1F9C-42F8-AB41-94F10B21B023}.Debug|x86.ActiveCfg = Debug|Any CPU
		{41F0E8C9-1F9C-42F8-AB41-94F10B21B023}.Debug|x86.Build.0 = Debug|Any CPU
		{41F0E8C9-1F9C-42F8-AB41-94F10B21B023}.Release|Any CPU.ActiveCfg = Release|Any CPU
		{41F0E8C9-1F9C-42F8-AB41-94F10B21B023}.Release|Any CPU.Build.0 = Release|Any CPU
		{41F0E8C9-1F9C-42F8-AB41-94F10B21B023}.Release|x64.ActiveCfg = Release|Any CPU
		{41F0E8C9-1F9C-42F8-AB41-94F10B21B023}.Release|x64.Build.0 = Release|Any CPU
		{41F0E8C9-1F9C-42F8-AB41-94F10B21B023}.Release|x86.ActiveCfg = Release|Any CPU
		{41F0E8C9-1F9C-42F8-AB41-94F10B21B023}.Release|x86.Build.0 = Release|Any CPU
		{7568D2F1-41AC-46A9-B5D7-A86A4E40BE9F}.Debug|Any CPU.ActiveCfg = Debug|Any CPU
		{7568D2F1-41AC-46A9-B5D7-A86A4E40BE9F}.Debug|Any CPU.Build.0 = Debug|Any CPU
		{7568D2F1-41AC-46A9-B5D7-A86A4E40BE9F}.Debug|x64.ActiveCfg = Debug|Any CPU
		{7568D2F1-41AC-46A9-B5D7-A86A4E40BE9F}.Debug|x64.Build.0 = Debug|Any CPU
		{7568D2F1-41AC-46A9-B5D7-A86A4E40BE9F}.Debug|x86.ActiveCfg = Debug|Any CPU
		{7568D2F1-41AC-46A9-B5D7-A86A4E40BE9F}.Debug|x86.Build.0 = Debug|Any CPU
		{7568D2F1-41AC-46A9-B5D7-A86A4E40BE9F}.Release|Any CPU.ActiveCfg = Release|Any CPU
		{7568D2F1-41AC-46A9-B5D7-A86A4E40BE9F}.Release|Any CPU.Build.0 = Release|Any CPU
		{7568D2F1-41AC-46A9-B5D7-A86A4E40BE9F}.Release|x64.ActiveCfg = Release|Any CPU
		{7568D2F1-41AC-46A9-B5D7-A86A4E40BE9F}.Release|x64.Build.0 = Release|Any CPU
		{7568D2F1-41AC-46A9-B5D7-A86A4E40BE9F}.Release|x86.ActiveCfg = Release|Any CPU
		{7568D2F1-41AC-46A9-B5D7-A86A4E40BE9F}.Release|x86.Build.0 = Release|Any CPU
		{D104C957-9DC9-4F97-8BCE-00B21720EF2F}.Debug|Any CPU.ActiveCfg = Debug|Any CPU
		{D104C957-9DC9-4F97-8BCE-00B21720EF2F}.Debug|Any CPU.Build.0 = Debug|Any CPU
		{D104C957-9DC9-4F97-8BCE-00B21720EF2F}.Debug|x64.ActiveCfg = Debug|Any CPU
		{D104C957-9DC9-4F97-8BCE-00B21720EF2F}.Debug|x64.Build.0 = Debug|Any CPU
		{D104C957-9DC9-4F97-8BCE-00B21720EF2F}.Debug|x86.ActiveCfg = Debug|Any CPU
		{D104C957-9DC9-4F97-8BCE-00B21720EF2F}.Debug|x86.Build.0 = Debug|Any CPU
		{D104C957-9DC9-4F97-8BCE-00B21720EF2F}.Release|Any CPU.ActiveCfg = Release|Any CPU
		{D104C957-9DC9-4F97-8BCE-00B21720EF2F}.Release|Any CPU.Build.0 = Release|Any CPU
		{D104C957-9DC9-4F97-8BCE-00B21720EF2F}.Release|x64.ActiveCfg = Release|Any CPU
		{D104C957-9DC9-4F97-8BCE-00B21720EF2F}.Release|x64.Build.0 = Release|Any CPU
		{D104C957-9DC9-4F97-8BCE-00B21720EF2F}.Release|x86.ActiveCfg = Release|Any CPU
		{D104C957-9DC9-4F97-8BCE-00B21720EF2F}.Release|x86.Build.0 = Release|Any CPU
		{94AE5F8A-ECC2-4D79-A770-A0F7ACC9A9B9}.Debug|Any CPU.ActiveCfg = Debug|Any CPU
		{94AE5F8A-ECC2-4D79-A770-A0F7ACC9A9B9}.Debug|Any CPU.Build.0 = Debug|Any CPU
		{94AE5F8A-ECC2-4D79-A770-A0F7ACC9A9B9}.Debug|x64.ActiveCfg = Debug|Any CPU
		{94AE5F8A-ECC2-4D79-A770-A0F7ACC9A9B9}.Debug|x64.Build.0 = Debug|Any CPU
		{94AE5F8A-ECC2-4D79-A770-A0F7ACC9A9B9}.Debug|x86.ActiveCfg = Debug|Any CPU
		{94AE5F8A-ECC2-4D79-A770-A0F7ACC9A9B9}.Debug|x86.Build.0 = Debug|Any CPU
		{94AE5F8A-ECC2-4D79-A770-A0F7ACC9A9B9}.Release|Any CPU.ActiveCfg = Release|Any CPU
		{94AE5F8A-ECC2-4D79-A770-A0F7ACC9A9B9}.Release|Any CPU.Build.0 = Release|Any CPU
		{94AE5F8A-ECC2-4D79-A770-A0F7ACC9A9B9}.Release|x64.ActiveCfg = Release|Any CPU
		{94AE5F8A-ECC2-4D79-A770-A0F7ACC9A9B9}.Release|x64.Build.0 = Release|Any CPU
		{94AE5F8A-ECC2-4D79-A770-A0F7ACC9A9B9}.Release|x86.ActiveCfg = Release|Any CPU
		{94AE5F8A-ECC2-4D79-A770-A0F7ACC9A9B9}.Release|x86.Build.0 = Release|Any CPU
		{12D43805-8463-43A3-9915-577369B61A0D}.Debug|Any CPU.ActiveCfg = Debug|Any CPU
		{12D43805-8463-43A3-9915-577369B61A0D}.Debug|Any CPU.Build.0 = Debug|Any CPU
		{12D43805-8463-43A3-9915-577369B61A0D}.Debug|x64.ActiveCfg = Debug|Any CPU
		{12D43805-8463-43A3-9915-577369B61A0D}.Debug|x64.Build.0 = Debug|Any CPU
		{12D43805-8463-43A3-9915-577369B61A0D}.Debug|x86.ActiveCfg = Debug|Any CPU
		{12D43805-8463-43A3-9915-577369B61A0D}.Debug|x86.Build.0 = Debug|Any CPU
		{12D43805-8463-43A3-9915-577369B61A0D}.Release|Any CPU.ActiveCfg = Release|Any CPU
		{12D43805-8463-43A3-9915-577369B61A0D}.Release|Any CPU.Build.0 = Release|Any CPU
		{12D43805-8463-43A3-9915-577369B61A0D}.Release|x64.ActiveCfg = Release|Any CPU
		{12D43805-8463-43A3-9915-577369B61A0D}.Release|x64.Build.0 = Release|Any CPU
		{12D43805-8463-43A3-9915-577369B61A0D}.Release|x86.ActiveCfg = Release|Any CPU
		{12D43805-8463-43A3-9915-577369B61A0D}.Release|x86.Build.0 = Release|Any CPU
		{259E0995-C14B-4582-B0E7-317E5771D0A4}.Debug|Any CPU.ActiveCfg = Debug|Any CPU
		{259E0995-C14B-4582-B0E7-317E5771D0A4}.Debug|Any CPU.Build.0 = Debug|Any CPU
		{259E0995-C14B-4582-B0E7-317E5771D0A4}.Debug|x64.ActiveCfg = Debug|Any CPU
		{259E0995-C14B-4582-B0E7-317E5771D0A4}.Debug|x64.Build.0 = Debug|Any CPU
		{259E0995-C14B-4582-B0E7-317E5771D0A4}.Debug|x86.ActiveCfg = Debug|Any CPU
		{259E0995-C14B-4582-B0E7-317E5771D0A4}.Debug|x86.Build.0 = Debug|Any CPU
		{259E0995-C14B-4582-B0E7-317E5771D0A4}.Release|Any CPU.ActiveCfg = Release|Any CPU
		{259E0995-C14B-4582-B0E7-317E5771D0A4}.Release|Any CPU.Build.0 = Release|Any CPU
		{259E0995-C14B-4582-B0E7-317E5771D0A4}.Release|x64.ActiveCfg = Release|Any CPU
		{259E0995-C14B-4582-B0E7-317E5771D0A4}.Release|x64.Build.0 = Release|Any CPU
		{259E0995-C14B-4582-B0E7-317E5771D0A4}.Release|x86.ActiveCfg = Release|Any CPU
		{259E0995-C14B-4582-B0E7-317E5771D0A4}.Release|x86.Build.0 = Release|Any CPU
		{6B276800-722B-4811-8AEB-2BFE826F571A}.Debug|Any CPU.ActiveCfg = Debug|Any CPU
		{6B276800-722B-4811-8AEB-2BFE826F571A}.Debug|Any CPU.Build.0 = Debug|Any CPU
		{6B276800-722B-4811-8AEB-2BFE826F571A}.Debug|x64.ActiveCfg = Debug|Any CPU
		{6B276800-722B-4811-8AEB-2BFE826F571A}.Debug|x64.Build.0 = Debug|Any CPU
		{6B276800-722B-4811-8AEB-2BFE826F571A}.Debug|x86.ActiveCfg = Debug|Any CPU
		{6B276800-722B-4811-8AEB-2BFE826F571A}.Debug|x86.Build.0 = Debug|Any CPU
		{6B276800-722B-4811-8AEB-2BFE826F571A}.Release|Any CPU.ActiveCfg = Release|Any CPU
		{6B276800-722B-4811-8AEB-2BFE826F571A}.Release|Any CPU.Build.0 = Release|Any CPU
		{6B276800-722B-4811-8AEB-2BFE826F571A}.Release|x64.ActiveCfg = Release|Any CPU
		{6B276800-722B-4811-8AEB-2BFE826F571A}.Release|x64.Build.0 = Release|Any CPU
		{6B276800-722B-4811-8AEB-2BFE826F571A}.Release|x86.ActiveCfg = Release|Any CPU
		{6B276800-722B-4811-8AEB-2BFE826F571A}.Release|x86.Build.0 = Release|Any CPU
		{E45A3262-7437-4F30-A1E7-063E2D84985F}.Debug|Any CPU.ActiveCfg = Debug|Any CPU
		{E45A3262-7437-4F30-A1E7-063E2D84985F}.Debug|Any CPU.Build.0 = Debug|Any CPU
		{E45A3262-7437-4F30-A1E7-063E2D84985F}.Debug|x64.ActiveCfg = Debug|Any CPU
		{E45A3262-7437-4F30-A1E7-063E2D84985F}.Debug|x64.Build.0 = Debug|Any CPU
		{E45A3262-7437-4F30-A1E7-063E2D84985F}.Debug|x86.ActiveCfg = Debug|Any CPU
		{E45A3262-7437-4F30-A1E7-063E2D84985F}.Debug|x86.Build.0 = Debug|Any CPU
		{E45A3262-7437-4F30-A1E7-063E2D84985F}.Release|Any CPU.ActiveCfg = Release|Any CPU
		{E45A3262-7437-4F30-A1E7-063E2D84985F}.Release|Any CPU.Build.0 = Release|Any CPU
		{E45A3262-7437-4F30-A1E7-063E2D84985F}.Release|x64.ActiveCfg = Release|Any CPU
		{E45A3262-7437-4F30-A1E7-063E2D84985F}.Release|x64.Build.0 = Release|Any CPU
		{E45A3262-7437-4F30-A1E7-063E2D84985F}.Release|x86.ActiveCfg = Release|Any CPU
		{E45A3262-7437-4F30-A1E7-063E2D84985F}.Release|x86.Build.0 = Release|Any CPU
		{60435B7B-9702-4E9D-BBE8-78C46F39570B}.Debug|Any CPU.ActiveCfg = Debug|Any CPU
		{60435B7B-9702-4E9D-BBE8-78C46F39570B}.Debug|Any CPU.Build.0 = Debug|Any CPU
		{60435B7B-9702-4E9D-BBE8-78C46F39570B}.Debug|x64.ActiveCfg = Debug|Any CPU
		{60435B7B-9702-4E9D-BBE8-78C46F39570B}.Debug|x64.Build.0 = Debug|Any CPU
		{60435B7B-9702-4E9D-BBE8-78C46F39570B}.Debug|x86.ActiveCfg = Debug|Any CPU
		{60435B7B-9702-4E9D-BBE8-78C46F39570B}.Debug|x86.Build.0 = Debug|Any CPU
		{60435B7B-9702-4E9D-BBE8-78C46F39570B}.Release|Any CPU.ActiveCfg = Release|Any CPU
		{60435B7B-9702-4E9D-BBE8-78C46F39570B}.Release|Any CPU.Build.0 = Release|Any CPU
		{60435B7B-9702-4E9D-BBE8-78C46F39570B}.Release|x64.ActiveCfg = Release|Any CPU
		{60435B7B-9702-4E9D-BBE8-78C46F39570B}.Release|x64.Build.0 = Release|Any CPU
		{60435B7B-9702-4E9D-BBE8-78C46F39570B}.Release|x86.ActiveCfg = Release|Any CPU
		{60435B7B-9702-4E9D-BBE8-78C46F39570B}.Release|x86.Build.0 = Release|Any CPU
		{3B77EF50-BDEF-464B-BC30-0ACA47BF530B}.Debug|Any CPU.ActiveCfg = Debug|Any CPU
		{3B77EF50-BDEF-464B-BC30-0ACA47BF530B}.Debug|Any CPU.Build.0 = Debug|Any CPU
		{3B77EF50-BDEF-464B-BC30-0ACA47BF530B}.Debug|x64.ActiveCfg = Debug|Any CPU
		{3B77EF50-BDEF-464B-BC30-0ACA47BF530B}.Debug|x64.Build.0 = Debug|Any CPU
		{3B77EF50-BDEF-464B-BC30-0ACA47BF530B}.Debug|x86.ActiveCfg = Debug|Any CPU
		{3B77EF50-BDEF-464B-BC30-0ACA47BF530B}.Debug|x86.Build.0 = Debug|Any CPU
		{3B77EF50-BDEF-464B-BC30-0ACA47BF530B}.Release|Any CPU.ActiveCfg = Release|Any CPU
		{3B77EF50-BDEF-464B-BC30-0ACA47BF530B}.Release|Any CPU.Build.0 = Release|Any CPU
		{3B77EF50-BDEF-464B-BC30-0ACA47BF530B}.Release|x64.ActiveCfg = Release|Any CPU
		{3B77EF50-BDEF-464B-BC30-0ACA47BF530B}.Release|x64.Build.0 = Release|Any CPU
		{3B77EF50-BDEF-464B-BC30-0ACA47BF530B}.Release|x86.ActiveCfg = Release|Any CPU
		{3B77EF50-BDEF-464B-BC30-0ACA47BF530B}.Release|x86.Build.0 = Release|Any CPU
		{E4E23F55-C421-441C-A045-AFCEEA8A72B3}.Debug|Any CPU.ActiveCfg = Debug|Any CPU
		{E4E23F55-C421-441C-A045-AFCEEA8A72B3}.Debug|Any CPU.Build.0 = Debug|Any CPU
		{E4E23F55-C421-441C-A045-AFCEEA8A72B3}.Debug|x64.ActiveCfg = Debug|Any CPU
		{E4E23F55-C421-441C-A045-AFCEEA8A72B3}.Debug|x64.Build.0 = Debug|Any CPU
		{E4E23F55-C421-441C-A045-AFCEEA8A72B3}.Debug|x86.ActiveCfg = Debug|Any CPU
		{E4E23F55-C421-441C-A045-AFCEEA8A72B3}.Debug|x86.Build.0 = Debug|Any CPU
		{E4E23F55-C421-441C-A045-AFCEEA8A72B3}.Release|Any CPU.ActiveCfg = Release|Any CPU
		{E4E23F55-C421-441C-A045-AFCEEA8A72B3}.Release|Any CPU.Build.0 = Release|Any CPU
		{E4E23F55-C421-441C-A045-AFCEEA8A72B3}.Release|x64.ActiveCfg = Release|Any CPU
		{E4E23F55-C421-441C-A045-AFCEEA8A72B3}.Release|x64.Build.0 = Release|Any CPU
		{E4E23F55-C421-441C-A045-AFCEEA8A72B3}.Release|x86.ActiveCfg = Release|Any CPU
		{E4E23F55-C421-441C-A045-AFCEEA8A72B3}.Release|x86.Build.0 = Release|Any CPU
		{8CAF3A2B-74AD-46B1-8946-10C4F1D36912}.Debug|Any CPU.ActiveCfg = Debug|Any CPU
		{8CAF3A2B-74AD-46B1-8946-10C4F1D36912}.Debug|Any CPU.Build.0 = Debug|Any CPU
		{8CAF3A2B-74AD-46B1-8946-10C4F1D36912}.Debug|x64.ActiveCfg = Debug|Any CPU
		{8CAF3A2B-74AD-46B1-8946-10C4F1D36912}.Debug|x64.Build.0 = Debug|Any CPU
		{8CAF3A2B-74AD-46B1-8946-10C4F1D36912}.Debug|x86.ActiveCfg = Debug|Any CPU
		{8CAF3A2B-74AD-46B1-8946-10C4F1D36912}.Debug|x86.Build.0 = Debug|Any CPU
		{8CAF3A2B-74AD-46B1-8946-10C4F1D36912}.Release|Any CPU.ActiveCfg = Release|Any CPU
		{8CAF3A2B-74AD-46B1-8946-10C4F1D36912}.Release|Any CPU.Build.0 = Release|Any CPU
		{8CAF3A2B-74AD-46B1-8946-10C4F1D36912}.Release|x64.ActiveCfg = Release|Any CPU
		{8CAF3A2B-74AD-46B1-8946-10C4F1D36912}.Release|x64.Build.0 = Release|Any CPU
		{8CAF3A2B-74AD-46B1-8946-10C4F1D36912}.Release|x86.ActiveCfg = Release|Any CPU
		{8CAF3A2B-74AD-46B1-8946-10C4F1D36912}.Release|x86.Build.0 = Release|Any CPU
		{9F13C5CA-EEE7-49D1-BEA1-2A0BBF6DF261}.Debug|Any CPU.ActiveCfg = Debug|Any CPU
		{9F13C5CA-EEE7-49D1-BEA1-2A0BBF6DF261}.Debug|Any CPU.Build.0 = Debug|Any CPU
		{9F13C5CA-EEE7-49D1-BEA1-2A0BBF6DF261}.Debug|x64.ActiveCfg = Debug|Any CPU
		{9F13C5CA-EEE7-49D1-BEA1-2A0BBF6DF261}.Debug|x64.Build.0 = Debug|Any CPU
		{9F13C5CA-EEE7-49D1-BEA1-2A0BBF6DF261}.Debug|x86.ActiveCfg = Debug|Any CPU
		{9F13C5CA-EEE7-49D1-BEA1-2A0BBF6DF261}.Debug|x86.Build.0 = Debug|Any CPU
		{9F13C5CA-EEE7-49D1-BEA1-2A0BBF6DF261}.Release|Any CPU.ActiveCfg = Release|Any CPU
		{9F13C5CA-EEE7-49D1-BEA1-2A0BBF6DF261}.Release|Any CPU.Build.0 = Release|Any CPU
		{9F13C5CA-EEE7-49D1-BEA1-2A0BBF6DF261}.Release|x64.ActiveCfg = Release|Any CPU
		{9F13C5CA-EEE7-49D1-BEA1-2A0BBF6DF261}.Release|x64.Build.0 = Release|Any CPU
		{9F13C5CA-EEE7-49D1-BEA1-2A0BBF6DF261}.Release|x86.ActiveCfg = Release|Any CPU
		{9F13C5CA-EEE7-49D1-BEA1-2A0BBF6DF261}.Release|x86.Build.0 = Release|Any CPU
		{2568F442-C853-4BB6-A196-A525B988E0ED}.Debug|Any CPU.ActiveCfg = Debug|Any CPU
		{2568F442-C853-4BB6-A196-A525B988E0ED}.Debug|Any CPU.Build.0 = Debug|Any CPU
		{2568F442-C853-4BB6-A196-A525B988E0ED}.Debug|x64.ActiveCfg = Debug|Any CPU
		{2568F442-C853-4BB6-A196-A525B988E0ED}.Debug|x64.Build.0 = Debug|Any CPU
		{2568F442-C853-4BB6-A196-A525B988E0ED}.Debug|x86.ActiveCfg = Debug|Any CPU
		{2568F442-C853-4BB6-A196-A525B988E0ED}.Debug|x86.Build.0 = Debug|Any CPU
		{2568F442-C853-4BB6-A196-A525B988E0ED}.Release|Any CPU.ActiveCfg = Release|Any CPU
		{2568F442-C853-4BB6-A196-A525B988E0ED}.Release|Any CPU.Build.0 = Release|Any CPU
		{2568F442-C853-4BB6-A196-A525B988E0ED}.Release|x64.ActiveCfg = Release|Any CPU
		{2568F442-C853-4BB6-A196-A525B988E0ED}.Release|x64.Build.0 = Release|Any CPU
		{2568F442-C853-4BB6-A196-A525B988E0ED}.Release|x86.ActiveCfg = Release|Any CPU
		{2568F442-C853-4BB6-A196-A525B988E0ED}.Release|x86.Build.0 = Release|Any CPU
		{118442D8-5DDD-4F06-B954-4285F9C3C662}.Debug|Any CPU.ActiveCfg = Debug|Any CPU
		{118442D8-5DDD-4F06-B954-4285F9C3C662}.Debug|Any CPU.Build.0 = Debug|Any CPU
		{118442D8-5DDD-4F06-B954-4285F9C3C662}.Debug|x64.ActiveCfg = Debug|Any CPU
		{118442D8-5DDD-4F06-B954-4285F9C3C662}.Debug|x64.Build.0 = Debug|Any CPU
		{118442D8-5DDD-4F06-B954-4285F9C3C662}.Debug|x86.ActiveCfg = Debug|Any CPU
		{118442D8-5DDD-4F06-B954-4285F9C3C662}.Debug|x86.Build.0 = Debug|Any CPU
		{118442D8-5DDD-4F06-B954-4285F9C3C662}.Release|Any CPU.ActiveCfg = Release|Any CPU
		{118442D8-5DDD-4F06-B954-4285F9C3C662}.Release|Any CPU.Build.0 = Release|Any CPU
		{118442D8-5DDD-4F06-B954-4285F9C3C662}.Release|x64.ActiveCfg = Release|Any CPU
		{118442D8-5DDD-4F06-B954-4285F9C3C662}.Release|x64.Build.0 = Release|Any CPU
		{118442D8-5DDD-4F06-B954-4285F9C3C662}.Release|x86.ActiveCfg = Release|Any CPU
		{118442D8-5DDD-4F06-B954-4285F9C3C662}.Release|x86.Build.0 = Release|Any CPU
		{C49CEE7F-AC4F-477C-85BD-78F426078899}.Debug|Any CPU.ActiveCfg = Debug|Any CPU
		{C49CEE7F-AC4F-477C-85BD-78F426078899}.Debug|Any CPU.Build.0 = Debug|Any CPU
		{C49CEE7F-AC4F-477C-85BD-78F426078899}.Debug|x64.ActiveCfg = Debug|Any CPU
		{C49CEE7F-AC4F-477C-85BD-78F426078899}.Debug|x64.Build.0 = Debug|Any CPU
		{C49CEE7F-AC4F-477C-85BD-78F426078899}.Debug|x86.ActiveCfg = Debug|Any CPU
		{C49CEE7F-AC4F-477C-85BD-78F426078899}.Debug|x86.Build.0 = Debug|Any CPU
		{C49CEE7F-AC4F-477C-85BD-78F426078899}.Release|Any CPU.ActiveCfg = Release|Any CPU
		{C49CEE7F-AC4F-477C-85BD-78F426078899}.Release|Any CPU.Build.0 = Release|Any CPU
		{C49CEE7F-AC4F-477C-85BD-78F426078899}.Release|x64.ActiveCfg = Release|Any CPU
		{C49CEE7F-AC4F-477C-85BD-78F426078899}.Release|x64.Build.0 = Release|Any CPU
		{C49CEE7F-AC4F-477C-85BD-78F426078899}.Release|x86.ActiveCfg = Release|Any CPU
		{C49CEE7F-AC4F-477C-85BD-78F426078899}.Release|x86.Build.0 = Release|Any CPU
		{1DA98ABA-8619-460D-B991-876A2AEE02ED}.Debug|Any CPU.ActiveCfg = Release|Any CPU
		{1DA98ABA-8619-460D-B991-876A2AEE02ED}.Debug|Any CPU.Build.0 = Release|Any CPU
		{1DA98ABA-8619-460D-B991-876A2AEE02ED}.Debug|x64.ActiveCfg = Debug|Any CPU
		{1DA98ABA-8619-460D-B991-876A2AEE02ED}.Debug|x64.Build.0 = Debug|Any CPU
		{1DA98ABA-8619-460D-B991-876A2AEE02ED}.Debug|x86.ActiveCfg = Debug|Any CPU
		{1DA98ABA-8619-460D-B991-876A2AEE02ED}.Debug|x86.Build.0 = Debug|Any CPU
		{1DA98ABA-8619-460D-B991-876A2AEE02ED}.Release|Any CPU.ActiveCfg = Release|Any CPU
		{1DA98ABA-8619-460D-B991-876A2AEE02ED}.Release|Any CPU.Build.0 = Release|Any CPU
		{1DA98ABA-8619-460D-B991-876A2AEE02ED}.Release|x64.ActiveCfg = Release|Any CPU
		{1DA98ABA-8619-460D-B991-876A2AEE02ED}.Release|x64.Build.0 = Release|Any CPU
		{1DA98ABA-8619-460D-B991-876A2AEE02ED}.Release|x86.ActiveCfg = Release|Any CPU
		{1DA98ABA-8619-460D-B991-876A2AEE02ED}.Release|x86.Build.0 = Release|Any CPU
	EndGlobalSection
	GlobalSection(SolutionProperties) = preSolution
		HideSolutionNode = FALSE
	EndGlobalSection
	GlobalSection(NestedProjects) = preSolution
		{6CBC4A77-3297-45D8-B83B-8CC9D8013CD5} = {A799B480-CE25-47D7-AD13-3847ACAAA650}
		{8F720CB0-CDB6-4541-BCFC-1229B4B6D52D} = {A799B480-CE25-47D7-AD13-3847ACAAA650}
		{B75A4E96-F0B9-4FBC-9049-4086CF0D45CB} = {A799B480-CE25-47D7-AD13-3847ACAAA650}
		{FC1E759F-CD70-44CE-BE76-5AF54222E0FC} = {A799B480-CE25-47D7-AD13-3847ACAAA650}
		{0FFCB6DF-DF1D-4731-8DF4-B109EA27CF69} = {A799B480-CE25-47D7-AD13-3847ACAAA650}
		{41F0E8C9-1F9C-42F8-AB41-94F10B21B023} = {A799B480-CE25-47D7-AD13-3847ACAAA650}
		{7568D2F1-41AC-46A9-B5D7-A86A4E40BE9F} = {A799B480-CE25-47D7-AD13-3847ACAAA650}
		{D104C957-9DC9-4F97-8BCE-00B21720EF2F} = {A799B480-CE25-47D7-AD13-3847ACAAA650}
		{94AE5F8A-ECC2-4D79-A770-A0F7ACC9A9B9} = {A799B480-CE25-47D7-AD13-3847ACAAA650}
		{12D43805-8463-43A3-9915-577369B61A0D} = {A799B480-CE25-47D7-AD13-3847ACAAA650}
		{259E0995-C14B-4582-B0E7-317E5771D0A4} = {308117E2-99C7-4C85-9DC0-4005865D5FF0}
		{6B276800-722B-4811-8AEB-2BFE826F571A} = {308117E2-99C7-4C85-9DC0-4005865D5FF0}
		{E45A3262-7437-4F30-A1E7-063E2D84985F} = {308117E2-99C7-4C85-9DC0-4005865D5FF0}
		{60435B7B-9702-4E9D-BBE8-78C46F39570B} = {308117E2-99C7-4C85-9DC0-4005865D5FF0}
		{3B77EF50-BDEF-464B-BC30-0ACA47BF530B} = {308117E2-99C7-4C85-9DC0-4005865D5FF0}
		{8CAF3A2B-74AD-46B1-8946-10C4F1D36912} = {A799B480-CE25-47D7-AD13-3847ACAAA650}
		{2568F442-C853-4BB6-A196-A525B988E0ED} = {A799B480-CE25-47D7-AD13-3847ACAAA650}
		{118442D8-5DDD-4F06-B954-4285F9C3C662} = {A799B480-CE25-47D7-AD13-3847ACAAA650}
		{C49CEE7F-AC4F-477C-85BD-78F426078899} = {A799B480-CE25-47D7-AD13-3847ACAAA650}
		{1DA98ABA-8619-460D-B991-876A2AEE02ED} = {A799B480-CE25-47D7-AD13-3847ACAAA650}
	EndGlobalSection
	GlobalSection(ExtensibilityGlobals) = postSolution
		SolutionGuid = {CF7B0F64-1C1B-4350-867B-E06CEB778E6F}
	EndGlobalSection
EndGlobal
